// !$*UTF8*$!
{
	archiveVersion = 1;
	classes = {
	};
	objectVersion = 77;
	objects = {

/* Begin PBXBuildFile section */
		E051CA452EE49ACB00CC78AB /* FirebaseAI in Frameworks */ = {isa = PBXBuildFile; productRef = E051CA442EE49ACB00CC78AB /* FirebaseAI */; };
		E051CA472EE49ACB00CC78AB /* FirebaseAnalytics in Frameworks */ = {isa = PBXBuildFile; productRef = E051CA462EE49ACB00CC78AB /* FirebaseAnalytics */; };
		E051CA492EE49ACB00CC78AB /* FirebaseAuth in Frameworks */ = {isa = PBXBuildFile; productRef = E051CA482EE49ACB00CC78AB /* FirebaseAuth */; };
		E051CA4B2EE49ACB00CC78AB /* FirebaseCrashlytics in Frameworks */ = {isa = PBXBuildFile; productRef = E051CA4A2EE49ACB00CC78AB /* FirebaseCrashlytics */; };
		E051CA4D2EE49ACB00CC78AB /* FirebaseFirestore in Frameworks */ = {isa = PBXBuildFile; productRef = E051CA4C2EE49ACB00CC78AB /* FirebaseFirestore */; };
		E051CA502EE49B0200CC78AB /* Kingfisher in Frameworks */ = {isa = PBXBuildFile; productRef = E051CA4F2EE49B0200CC78AB /* Kingfisher */; };
		E051CA532EE49B3400CC78AB /* GoogleMobileAds in Frameworks */ = {isa = PBXBuildFile; productRef = E051CA522EE49B3400CC78AB /* GoogleMobileAds */; };
		E051CA542EE49B3500CC78AB /* FirebaseStorage in Frameworks */ = {isa = PBXBuildFile; productRef = E051CA552EE49B3500CC78AB /* FirebaseStorage */; };
/* End PBXBuildFile section */

/* Begin PBXContainerItemProxy section */
		TEST0001000000000001 /* PBXContainerItemProxy */ = {
			isa = PBXContainerItemProxy;
			containerPortal = E051C9CE2EE497CA00CC78AB /* Project object */;
			proxyType = 1;
			remoteGlobalIDString = E051C9D52EE497CA00CC78AB;
			remoteInfo = Soramoyou;
		};
		TEST0002000000000001 /* PBXContainerItemProxy */ = {
			isa = PBXContainerItemProxy;
			containerPortal = E051C9CE2EE497CA00CC78AB /* Project object */;
			proxyType = 1;
			remoteGlobalIDString = E051C9D52EE497CA00CC78AB;
			remoteInfo = Soramoyou;
		};
/* End PBXContainerItemProxy section */

/* Begin PBXFileReference section */
		E051C9D62EE497CA00CC78AB /* Soramoyou.app */ = {isa = PBXFileReference; explicitFileType = wrapper.application; includeInIndex = 0; path = Soramoyou.app; sourceTree = BUILT_PRODUCTS_DIR; };
		TEST1001000000000001 /* SoramoyouTests.xctest */ = {isa = PBXFileReference; explicitFileType = wrapper.cfbundle; includeInIndex = 0; path = SoramoyouTests.xctest; sourceTree = BUILT_PRODUCTS_DIR; };
		TEST2001000000000001 /* SoramoyouUITests.xctest */ = {isa = PBXFileReference; explicitFileType = wrapper.cfbundle; includeInIndex = 0; path = SoramoyouUITests.xctest; sourceTree = BUILT_PRODUCTS_DIR; };
/* End PBXFileReference section */

/* Begin PBXFileSystemSynchronizedBuildFileExceptionSet section */
		E051C9D82EE497CA00CC78AC /* Exceptions for "Soramoyou" folder in "Soramoyou" target */ = {
			isa = PBXFileSystemSynchronizedBuildFileExceptionSet;
			membershipExceptions = (
				Info.plist,
			);
			target = E051C9D52EE497CA00CC78AB /* Soramoyou */;
		};
/* End PBXFileSystemSynchronizedBuildFileExceptionSet section */

/* Begin PBXFileSystemSynchronizedRootGroup section */
		E051C9D82EE497CA00CC78AB /* Soramoyou */ = {
			isa = PBXFileSystemSynchronizedRootGroup;
			exceptions = (
				E051C9D82EE497CA00CC78AC /* Exceptions for "Soramoyou" folder in "Soramoyou" target */,
			);
			path = Soramoyou;
			sourceTree = "<group>";
		};
		TEST1002000000000001 /* SoramoyouTests */ = {
			isa = PBXFileSystemSynchronizedRootGroup;
			path = SoramoyouTests;
			sourceTree = "<group>";
		};
		TEST2002000000000001 /* SoramoyouUITests */ = {
			isa = PBXFileSystemSynchronizedRootGroup;
			path = SoramoyouUITests;
			sourceTree = "<group>";
		};
/* End PBXFileSystemSynchronizedRootGroup section */

/* Begin PBXFrameworksBuildPhase section */
		E051C9D32EE497CA00CC78AB /* Frameworks */ = {
			isa = PBXFrameworksBuildPhase;
			buildActionMask = 2147483647;
			files = (
				E051CA502EE49B0200CC78AB /* Kingfisher in Frameworks */,
				E051CA472EE49ACB00CC78AB /* FirebaseAnalytics in Frameworks */,
				E051CA4B2EE49ACB00CC78AB /* FirebaseCrashlytics in Frameworks */,
				E051CA492EE49ACB00CC78AB /* FirebaseAuth in Frameworks */,
				E051CA4D2EE49ACB00CC78AB /* FirebaseFirestore in Frameworks */,
				E051CA452EE49ACB00CC78AB /* FirebaseAI in Frameworks */,
				E051CA532EE49B3400CC78AB /* GoogleMobileAds in Frameworks */,
				E051CA542EE49B3500CC78AB /* FirebaseStorage in Frameworks */,
			);
			runOnlyForDeploymentPostprocessing = 0;
		};
		TEST1003000000000001 /* Frameworks */ = {
			isa = PBXFrameworksBuildPhase;
			buildActionMask = 2147483647;
			files = (
			);
			runOnlyForDeploymentPostprocessing = 0;
		};
		TEST2003000000000001 /* Frameworks */ = {
			isa = PBXFrameworksBuildPhase;
			buildActionMask = 2147483647;
			files = (
			);
			runOnlyForDeploymentPostprocessing = 0;
		};
/* End PBXFrameworksBuildPhase section */

/* Begin PBXGroup section */
		E051C9CD2EE497CA00CC78AB = {
			isa = PBXGroup;
			children = (
				E051C9D82EE497CA00CC78AB /* Soramoyou */,
				TEST1002000000000001 /* SoramoyouTests */,
				TEST2002000000000001 /* SoramoyouUITests */,
				E051C9D72EE497CA00CC78AB /* Products */,
			);
			sourceTree = "<group>";
		};
		E051C9D72EE497CA00CC78AB /* Products */ = {
			isa = PBXGroup;
			children = (
				E051C9D62EE497CA00CC78AB /* Soramoyou.app */,
				TEST1001000000000001 /* SoramoyouTests.xctest */,
				TEST2001000000000001 /* SoramoyouUITests.xctest */,
			);
			name = Products;
			sourceTree = "<group>";
		};
/* End PBXGroup section */

/* Begin PBXNativeTarget section */
		E051C9D52EE497CA00CC78AB /* Soramoyou */ = {
			isa = PBXNativeTarget;
			buildConfigurationList = E051C9E12EE497CB00CC78AB /* Build configuration list for PBXNativeTarget "Soramoyou" */;
			buildPhases = (
				E051C9D22EE497CA00CC78AB /* Sources */,
				E051C9D32EE497CA00CC78AB /* Frameworks */,
				E051C9D42EE497CA00CC78AB /* Resources */,
				E0DCD12E2F1FBDF200068AF6 /* Upload dSYM to Crashlytics */,
			);
			buildRules = (
			);
			dependencies = (
			);
			fileSystemSynchronizedGroups = (
				E051C9D82EE497CA00CC78AB /* Soramoyou */,
			);
			name = Soramoyou;
			packageProductDependencies = (
				E051CA442EE49ACB00CC78AB /* FirebaseAI */,
				E051CA462EE49ACB00CC78AB /* FirebaseAnalytics */,
				E051CA482EE49ACB00CC78AB /* FirebaseAuth */,
				E051CA4A2EE49ACB00CC78AB /* FirebaseCrashlytics */,
				E051CA4C2EE49ACB00CC78AB /* FirebaseFirestore */,
				E051CA4F2EE49B0200CC78AB /* Kingfisher */,
				E051CA522EE49B3400CC78AB /* GoogleMobileAds */,
				E051CA552EE49B3500CC78AB /* FirebaseStorage */,
			);
			productName = Soramoyou;
			productReference = E051C9D62EE497CA00CC78AB /* Soramoyou.app */;
			productType = "com.apple.product-type.application";
		};
		TEST1000000000000001 /* SoramoyouTests */ = {
			isa = PBXNativeTarget;
			buildConfigurationList = TEST1004000000000001 /* Build configuration list for PBXNativeTarget "SoramoyouTests" */;
			buildPhases = (
				TEST1005000000000001 /* Sources */,
				TEST1003000000000001 /* Frameworks */,
				TEST1006000000000001 /* Resources */,
			);
			buildRules = (
			);
			dependencies = (
				TEST1007000000000001 /* PBXTargetDependency */,
			);
			fileSystemSynchronizedGroups = (
				TEST1002000000000001 /* SoramoyouTests */,
			);
			name = SoramoyouTests;
			productName = SoramoyouTests;
			productReference = TEST1001000000000001 /* SoramoyouTests.xctest */;
			productType = "com.apple.product-type.bundle.unit-test";
		};
		TEST2000000000000001 /* SoramoyouUITests */ = {
			isa = PBXNativeTarget;
			buildConfigurationList = TEST2004000000000001 /* Build configuration list for PBXNativeTarget "SoramoyouUITests" */;
			buildPhases = (
				TEST2005000000000001 /* Sources */,
				TEST2003000000000001 /* Frameworks */,
				TEST2006000000000001 /* Resources */,
			);
			buildRules = (
			);
			dependencies = (
				TEST2007000000000001 /* PBXTargetDependency */,
			);
			fileSystemSynchronizedGroups = (
				TEST2002000000000001 /* SoramoyouUITests */,
			);
			name = SoramoyouUITests;
			productName = SoramoyouUITests;
			productReference = TEST2001000000000001 /* SoramoyouUITests.xctest */;
			productType = "com.apple.product-type.bundle.ui-testing";
		};
/* End PBXNativeTarget section */

/* Begin PBXProject section */
		E051C9CE2EE497CA00CC78AB /* Project object */ = {
			isa = PBXProject;
			attributes = {
				BuildIndependentTargetsInParallel = 1;
				LastSwiftUpdateCheck = 2600;
				LastUpgradeCheck = 2600;
				TargetAttributes = {
					E051C9D52EE497CA00CC78AB = {
						CreatedOnToolsVersion = 26.0;
					};
					TEST1000000000000001 = {
						CreatedOnToolsVersion = 26.0;
						TestTargetID = E051C9D52EE497CA00CC78AB;
					};
					TEST2000000000000001 = {
						CreatedOnToolsVersion = 26.0;
						TestTargetID = E051C9D52EE497CA00CC78AB;
					};
				};
			};
			buildConfigurationList = E051C9D12EE497CA00CC78AB /* Build configuration list for PBXProject "Soramoyou" */;
			developmentRegion = en;
			hasScannedForEncodings = 0;
			knownRegions = (
				en,
				Base,
			);
			mainGroup = E051C9CD2EE497CA00CC78AB;
			minimizedProjectReferenceProxies = 1;
			packageReferences = (
				E051CA432EE49ACB00CC78AB /* XCRemoteSwiftPackageReference "firebase-ios-sdk" */,
				E051CA4E2EE49B0200CC78AB /* XCRemoteSwiftPackageReference "Kingfisher" */,
				E051CA512EE49B3400CC78AB /* XCRemoteSwiftPackageReference "swift-package-manager-google-mobile-ads" */,
			);
			preferredProjectObjectVersion = 77;
			productRefGroup = E051C9D72EE497CA00CC78AB /* Products */;
			projectDirPath = "";
			projectRoot = "";
			targets = (
				E051C9D52EE497CA00CC78AB /* Soramoyou */,
				TEST1000000000000001 /* SoramoyouTests */,
				TEST2000000000000001 /* SoramoyouUITests */,
			);
		};
/* End PBXProject section */

/* Begin PBXResourcesBuildPhase section */
		E051C9D42EE497CA00CC78AB /* Resources */ = {
			isa = PBXResourcesBuildPhase;
			buildActionMask = 2147483647;
			files = (
			);
			runOnlyForDeploymentPostprocessing = 0;
		};
		TEST1006000000000001 /* Resources */ = {
			isa = PBXResourcesBuildPhase;
			buildActionMask = 2147483647;
			files = (
			);
			runOnlyForDeploymentPostprocessing = 0;
		};
		TEST2006000000000001 /* Resources */ = {
			isa = PBXResourcesBuildPhase;
			buildActionMask = 2147483647;
			files = (
			);
			runOnlyForDeploymentPostprocessing = 0;
		};
/* End PBXResourcesBuildPhase section */

/* Begin PBXShellScriptBuildPhase section */
		E0DCD12E2F1FBDF200068AF6 /* Upload dSYM to Crashlytics */ = {
			isa = PBXShellScriptBuildPhase;
			buildActionMask = 2147483647;
			files = (
			);
			inputFileListPaths = (
			);
			inputPaths = (
				"${DWARF_DSYM_FOLDER_PATH}/${DWARF_DSYM_FILE_NAME}",
				"${DWARF_DSYM_FOLDER_PATH}/${DWARF_DSYM_FILE_NAME}/Contents/Resources/DWARF/${PRODUCT_NAME}",
				"${DWARF_DSYM_FOLDER_PATH}/${DWARF_DSYM_FILE_NAME}/Contents/Info.plist",
				"$(TARGET_BUILD_DIR)/$(INFOPLIST_PATH)",
			);
			name = "Upload dSYM to Crashlytics";
			outputFileListPaths = (
			);
			outputPaths = (
			);
			runOnlyForDeploymentPostprocessing = 0;
			shellPath = /bin/sh;
			shellScript = "\"${BUILD_DIR%/Build/*}/SourcePackages/checkouts/firebase-ios-sdk/Crashlytics/upload-symbols\" -gsp \"${BUILT_PRODUCTS_DIR}/${PRODUCT_NAME}.app/GoogleService-Info.plist\" -p ios \"${DWARF_DSYM_FOLDER_PATH}/${DWARF_DSYM_FILE_NAME}\" || echo 'Warning: dSYM upload skipped'\n";
		};
/* End PBXShellScriptBuildPhase section */

/* Begin PBXSourcesBuildPhase section */
		E051C9D22EE497CA00CC78AB /* Sources */ = {
			isa = PBXSourcesBuildPhase;
			buildActionMask = 2147483647;
			files = (
			);
			runOnlyForDeploymentPostprocessing = 0;
		};
		TEST1005000000000001 /* Sources */ = {
			isa = PBXSourcesBuildPhase;
			buildActionMask = 2147483647;
			files = (
			);
			runOnlyForDeploymentPostprocessing = 0;
		};
		TEST2005000000000001 /* Sources */ = {
			isa = PBXSourcesBuildPhase;
			buildActionMask = 2147483647;
			files = (
			);
			runOnlyForDeploymentPostprocessing = 0;
		};
/* End PBXSourcesBuildPhase section */

/* Begin PBXTargetDependency section */
		TEST1007000000000001 /* PBXTargetDependency */ = {
			isa = PBXTargetDependency;
			target = E051C9D52EE497CA00CC78AB /* Soramoyou */;
			targetProxy = TEST0001000000000001 /* PBXContainerItemProxy */;
		};
		TEST2007000000000001 /* PBXTargetDependency */ = {
			isa = PBXTargetDependency;
			target = E051C9D52EE497CA00CC78AB /* Soramoyou */;
			targetProxy = TEST0002000000000001 /* PBXContainerItemProxy */;
		};
/* End PBXTargetDependency section */

/* Begin XCBuildConfiguration section */
		E051C9DF2EE497CB00CC78AB /* Debug */ = {
			isa = XCBuildConfiguration;
			buildSettings = {
				ALWAYS_SEARCH_USER_PATHS = NO;
				ASSETCATALOG_COMPILER_GENERATE_SWIFT_ASSET_SYMBOL_EXTENSIONS = YES;
				CLANG_ANALYZER_NONNULL = YES;
				CLANG_ANALYZER_NUMBER_OBJECT_CONVERSION = YES_AGGRESSIVE;
				CLANG_CXX_LANGUAGE_STANDARD = "gnu++20";
				CLANG_ENABLE_MODULES = YES;
				CLANG_ENABLE_OBJC_ARC = YES;
				CLANG_ENABLE_OBJC_WEAK = YES;
				CLANG_WARN_BLOCK_CAPTURE_AUTORELEASING = YES;
				CLANG_WARN_BOOL_CONVERSION = YES;
				CLANG_WARN_COMMA = YES;
				CLANG_WARN_CONSTANT_CONVERSION = YES;
				CLANG_WARN_DEPRECATED_OBJC_IMPLEMENTATIONS = YES;
				CLANG_WARN_DIRECT_OBJC_ISA_USAGE = YES_ERROR;
				CLANG_WARN_DOCUMENTATION_COMMENTS = YES;
				CLANG_WARN_EMPTY_BODY = YES;
				CLANG_WARN_ENUM_CONVERSION = YES;
				CLANG_WARN_INFINITE_RECURSION = YES;
				CLANG_WARN_INT_CONVERSION = YES;
				CLANG_WARN_NON_LITERAL_NULL_CONVERSION = YES;
				CLANG_WARN_OBJC_IMPLICIT_RETAIN_SELF = YES;
				CLANG_WARN_OBJC_LITERAL_CONVERSION = YES;
				CLANG_WARN_OBJC_ROOT_CLASS = YES_ERROR;
				CLANG_WARN_QUOTED_INCLUDE_IN_FRAMEWORK_HEADER = YES;
				CLANG_WARN_RANGE_LOOP_ANALYSIS = YES;
				CLANG_WARN_STRICT_PROTOTYPES = YES;
				CLANG_WARN_SUSPICIOUS_MOVE = YES;
				CLANG_WARN_UNGUARDED_AVAILABILITY = YES_AGGRESSIVE;
				CLANG_WARN_UNREACHABLE_CODE = YES;
				CLANG_WARN__DUPLICATE_METHOD_MATCH = YES;
				COPY_PHASE_STRIP = NO;
				DEBUG_INFORMATION_FORMAT = dwarf;
				DEVELOPMENT_TEAM = B7F79FDM78;
				ENABLE_STRICT_OBJC_MSGSEND = YES;
				ENABLE_TESTABILITY = YES;
				ENABLE_USER_SCRIPT_SANDBOXING = YES;
				GCC_C_LANGUAGE_STANDARD = gnu17;
				GCC_DYNAMIC_NO_PIC = NO;
				GCC_NO_COMMON_BLOCKS = YES;
				GCC_OPTIMIZATION_LEVEL = 0;
				GCC_PREPROCESSOR_DEFINITIONS = (
					"DEBUG=1",
					"$(inherited)",
				);
				GCC_WARN_64_TO_32_BIT_CONVERSION = YES;
				GCC_WARN_ABOUT_RETURN_TYPE = YES_ERROR;
				GCC_WARN_UNDECLARED_SELECTOR = YES;
				GCC_WARN_UNINITIALIZED_AUTOS = YES_AGGRESSIVE;
				GCC_WARN_UNUSED_FUNCTION = YES;
				GCC_WARN_UNUSED_VARIABLE = YES;
				IPHONEOS_DEPLOYMENT_TARGET = 16.0;
				LOCALIZATION_PREFERS_STRING_CATALOGS = YES;
				MTL_ENABLE_DEBUG_INFO = INCLUDE_SOURCE;
				MTL_FAST_MATH = YES;
				ONLY_ACTIVE_ARCH = YES;
				SDKROOT = iphoneos;
				SWIFT_ACTIVE_COMPILATION_CONDITIONS = "DEBUG $(inherited)";
				SWIFT_OPTIMIZATION_LEVEL = "-Onone";
			};
			name = Debug;
		};
		E051C9E02EE497CB00CC78AB /* Release */ = {
			isa = XCBuildConfiguration;
			buildSettings = {
				ALWAYS_SEARCH_USER_PATHS = NO;
				ASSETCATALOG_COMPILER_GENERATE_SWIFT_ASSET_SYMBOL_EXTENSIONS = YES;
				CLANG_ANALYZER_NONNULL = YES;
				CLANG_ANALYZER_NUMBER_OBJECT_CONVERSION = YES_AGGRESSIVE;
				CLANG_CXX_LANGUAGE_STANDARD = "gnu++20";
				CLANG_ENABLE_MODULES = YES;
				CLANG_ENABLE_OBJC_ARC = YES;
				CLANG_ENABLE_OBJC_WEAK = YES;
				CLANG_WARN_BLOCK_CAPTURE_AUTORELEASING = YES;
				CLANG_WARN_BOOL_CONVERSION = YES;
				CLANG_WARN_COMMA = YES;
				CLANG_WARN_CONSTANT_CONVERSION = YES;
				CLANG_WARN_DEPRECATED_OBJC_IMPLEMENTATIONS = YES;
				CLANG_WARN_DIRECT_OBJC_ISA_USAGE = YES_ERROR;
				CLANG_WARN_DOCUMENTATION_COMMENTS = YES;
				CLANG_WARN_EMPTY_BODY = YES;
				CLANG_WARN_ENUM_CONVERSION = YES;
				CLANG_WARN_INFINITE_RECURSION = YES;
				CLANG_WARN_INT_CONVERSION = YES;
				CLANG_WARN_NON_LITERAL_NULL_CONVERSION = YES;
				CLANG_WARN_OBJC_IMPLICIT_RETAIN_SELF = YES;
				CLANG_WARN_OBJC_LITERAL_CONVERSION = YES;
				CLANG_WARN_OBJC_ROOT_CLASS = YES_ERROR;
				CLANG_WARN_QUOTED_INCLUDE_IN_FRAMEWORK_HEADER = YES;
				CLANG_WARN_RANGE_LOOP_ANALYSIS = YES;
				CLANG_WARN_STRICT_PROTOTYPES = YES;
				CLANG_WARN_SUSPICIOUS_MOVE = YES;
				CLANG_WARN_UNGUARDED_AVAILABILITY = YES_AGGRESSIVE;
				CLANG_WARN_UNREACHABLE_CODE = YES;
				CLANG_WARN__DUPLICATE_METHOD_MATCH = YES;
				COPY_PHASE_STRIP = NO;
				DEBUG_INFORMATION_FORMAT = "dwarf-with-dsym";
				DEVELOPMENT_TEAM = B7F79FDM78;
				ENABLE_NS_ASSERTIONS = NO;
				ENABLE_STRICT_OBJC_MSGSEND = YES;
				ENABLE_USER_SCRIPT_SANDBOXING = YES;
				GCC_C_LANGUAGE_STANDARD = gnu17;
				GCC_NO_COMMON_BLOCKS = YES;
				GCC_WARN_64_TO_32_BIT_CONVERSION = YES;
				GCC_WARN_ABOUT_RETURN_TYPE = YES_ERROR;
				GCC_WARN_UNDECLARED_SELECTOR = YES;
				GCC_WARN_UNINITIALIZED_AUTOS = YES_AGGRESSIVE;
				GCC_WARN_UNUSED_FUNCTION = YES;
				GCC_WARN_UNUSED_VARIABLE = YES;
				IPHONEOS_DEPLOYMENT_TARGET = 16.0;
				LOCALIZATION_PREFERS_STRING_CATALOGS = YES;
				MTL_ENABLE_DEBUG_INFO = NO;
				MTL_FAST_MATH = YES;
				SDKROOT = iphoneos;
				SWIFT_COMPILATION_MODE = wholemodule;
				VALIDATE_PRODUCT = YES;
			};
			name = Release;
		};
		E051C9E22EE497CB00CC78AB /* Debug */ = {
			isa = XCBuildConfiguration;
			buildSettings = {
				ASSETCATALOG_COMPILER_APPICON_NAME = AppIcon;
				ASSETCATALOG_COMPILER_GLOBAL_ACCENT_COLOR_NAME = AccentColor;
				CODE_SIGN_STYLE = Automatic;
				CURRENT_PROJECT_VERSION = 4;
				DEVELOPMENT_TEAM = B7F79FDM78;
				ENABLE_PREVIEWS = YES;
				GENERATE_INFOPLIST_FILE = YES;
				INFOPLIST_FILE = Soramoyou/Info.plist;
				INFOPLIST_KEY_UIApplicationSceneManifest_Generation = YES;
				INFOPLIST_KEY_UIApplicationSupportsIndirectInputEvents = YES;
				INFOPLIST_KEY_UILaunchScreen_Generation = YES;
				INFOPLIST_KEY_UISupportedInterfaceOrientations_iPad = "UIInterfaceOrientationPortrait UIInterfaceOrientationPortraitUpsideDown UIInterfaceOrientationLandscapeLeft UIInterfaceOrientationLandscapeRight";
				INFOPLIST_KEY_UISupportedInterfaceOrientations_iPhone = "UIInterfaceOrientationPortrait UIInterfaceOrientationLandscapeLeft UIInterfaceOrientationLandscapeRight";
				LD_RUNPATH_SEARCH_PATHS = (
					"$(inherited)",
					"@executable_path/Frameworks",
				);
				MARKETING_VERSION = 1.1.3;
				PRODUCT_BUNDLE_IDENTIFIER = com.yoshidometoru.Soramoyou;
				PRODUCT_NAME = "$(TARGET_NAME)";
				STRING_CATALOG_GENERATE_SYMBOLS = YES;
				SWIFT_EMIT_LOC_STRINGS = YES;
				SWIFT_VERSION = 5.0;
				TARGETED_DEVICE_FAMILY = "1,2";
			};
			name = Debug;
		};
		E051C9E32EE497CB00CC78AB /* Release */ = {
			isa = XCBuildConfiguration;
			buildSettings = {
				ASSETCATALOG_COMPILER_APPICON_NAME = AppIcon;
				ASSETCATALOG_COMPILER_GLOBAL_ACCENT_COLOR_NAME = AccentColor;
				CODE_SIGN_STYLE = Automatic;
				CURRENT_PROJECT_VERSION = 4;
				DEVELOPMENT_TEAM = B7F79FDM78;
				ENABLE_PREVIEWS = YES;
				GENERATE_INFOPLIST_FILE = YES;
				INFOPLIST_FILE = Soramoyou/Info.plist;
				INFOPLIST_KEY_UIApplicationSceneManifest_Generation = YES;
				INFOPLIST_KEY_UIApplicationSupportsIndirectInputEvents = YES;
				INFOPLIST_KEY_UILaunchScreen_Generation = YES;
				INFOPLIST_KEY_UISupportedInterfaceOrientations_iPad = "UIInterfaceOrientationPortrait UIInterfaceOrientationPortraitUpsideDown UIInterfaceOrientationLandscapeLeft UIInterfaceOrientationLandscapeRight";
				INFOPLIST_KEY_UISupportedInterfaceOrientations_iPhone = "UIInterfaceOrientationPortrait UIInterfaceOrientationLandscapeLeft UIInterfaceOrientationLandscapeRight";
				LD_RUNPATH_SEARCH_PATHS = (
					"$(inherited)",
					"@executable_path/Frameworks",
				);
				MARKETING_VERSION = 1.1.3;
				PRODUCT_BUNDLE_IDENTIFIER = com.yoshidometoru.Soramoyou;
				PRODUCT_NAME = "$(TARGET_NAME)";
				STRING_CATALOG_GENERATE_SYMBOLS = YES;
				SWIFT_EMIT_LOC_STRINGS = YES;
				SWIFT_VERSION = 5.0;
				TARGETED_DEVICE_FAMILY = "1,2";
			};
			name = Release;
		};
		TEST1008000000000001 /* Debug */ = {
			isa = XCBuildConfiguration;
			buildSettings = {
				BUNDLE_LOADER = "$(TEST_HOST)";
				CODE_SIGN_STYLE = Automatic;
				CURRENT_PROJECT_VERSION = 1;
				DEVELOPMENT_TEAM = B7F79FDM78;
				GENERATE_INFOPLIST_FILE = YES;
				IPHONEOS_DEPLOYMENT_TARGET = 16.0;
				MARKETING_VERSION = 1.0;
				PRODUCT_BUNDLE_IDENTIFIER = com.yoshidometoru.SoramoyouTests;
				PRODUCT_NAME = "$(TARGET_NAME)";
				SWIFT_EMIT_LOC_STRINGS = NO;
				SWIFT_VERSION = 5.0;
				TARGETED_DEVICE_FAMILY = "1,2";
				TEST_HOST = "$(BUILT_PRODUCTS_DIR)/Soramoyou.app/$(BUNDLE_EXECUTABLE_FOLDER_PATH)/Soramoyou";
			};
			name = Debug;
		};
		TEST1009000000000001 /* Release */ = {
			isa = XCBuildConfiguration;
			buildSettings = {
				BUNDLE_LOADER = "$(TEST_HOST)";
				CODE_SIGN_STYLE = Automatic;
				CURRENT_PROJECT_VERSION = 1;
				DEVELOPMENT_TEAM = B7F79FDM78;
				GENERATE_INFOPLIST_FILE = YES;
				IPHONEOS_DEPLOYMENT_TARGET = 16.0;
				MARKETING_VERSION = 1.0;
				PRODUCT_BUNDLE_IDENTIFIER = com.yoshidometoru.SoramoyouTests;
				PRODUCT_NAME = "$(TARGET_NAME)";
				SWIFT_EMIT_LOC_STRINGS = NO;
				SWIFT_VERSION = 5.0;
				TARGETED_DEVICE_FAMILY = "1,2";
				TEST_HOST = "$(BUILT_PRODUCTS_DIR)/Soramoyou.app/$(BUNDLE_EXECUTABLE_FOLDER_PATH)/Soramoyou";
			};
			name = Release;
		};
		TEST2008000000000001 /* Debug */ = {
			isa = XCBuildConfiguration;
			buildSettings = {
				CODE_SIGN_STYLE = Automatic;
				CURRENT_PROJECT_VERSION = 1;
				DEVELOPMENT_TEAM = B7F79FDM78;
				GENERATE_INFOPLIST_FILE = YES;
				IPHONEOS_DEPLOYMENT_TARGET = 16.0;
				MARKETING_VERSION = 1.0;
				PRODUCT_BUNDLE_IDENTIFIER = com.yoshidometoru.SoramoyouUITests;
				PRODUCT_NAME = "$(TARGET_NAME)";
				SWIFT_EMIT_LOC_STRINGS = NO;
				SWIFT_VERSION = 5.0;
				TARGETED_DEVICE_FAMILY = "1,2";
				TEST_TARGET_NAME = Soramoyou;
			};
			name = Debug;
		};
		TEST2009000000000001 /* Release */ = {
			isa = XCBuildConfiguration;
			buildSettings = {
				CODE_SIGN_STYLE = Automatic;
				CURRENT_PROJECT_VERSION = 1;
				DEVELOPMENT_TEAM = B7F79FDM78;
				GENERATE_INFOPLIST_FILE = YES;
				IPHONEOS_DEPLOYMENT_TARGET = 16.0;
				MARKETING_VERSION = 1.0;
				PRODUCT_BUNDLE_IDENTIFIER = com.yoshidometoru.SoramoyouUITests;
				PRODUCT_NAME = "$(TARGET_NAME)";
				SWIFT_EMIT_LOC_STRINGS = NO;
				SWIFT_VERSION = 5.0;
				TARGETED_DEVICE_FAMILY = "1,2";
				TEST_TARGET_NAME = Soramoyou;
			};
			name = Release;
		};
/* End XCBuildConfiguration section */

/* Begin XCConfigurationList section */
		E051C9D12EE497CA00CC78AB /* Build configuration list for PBXProject "Soramoyou" */ = {
			isa = XCConfigurationList;
			buildConfigurations = (
				E051C9DF2EE497CB00CC78AB /* Debug */,
				E051C9E02EE497CB00CC78AB /* Release */,
			);
			defaultConfigurationIsVisible = 0;
			defaultConfigurationName = Release;
		};
		E051C9E12EE497CB00CC78AB /* Build configuration list for PBXNativeTarget "Soramoyou" */ = {
			isa = XCConfigurationList;
			buildConfigurations = (
				E051C9E22EE497CB00CC78AB /* Debug */,
				E051C9E32EE497CB00CC78AB /* Release */,
			);
			defaultConfigurationIsVisible = 0;
			defaultConfigurationName = Release;
		};
		TEST1004000000000001 /* Build configuration list for PBXNativeTarget "SoramoyouTests" */ = {
			isa = XCConfigurationList;
			buildConfigurations = (
				TEST1008000000000001 /* Debug */,
				TEST1009000000000001 /* Release */,
			);
			defaultConfigurationIsVisible = 0;
			defaultConfigurationName = Release;
		};
		TEST2004000000000001 /* Build configuration list for PBXNativeTarget "SoramoyouUITests" */ = {
			isa = XCConfigurationList;
			buildConfigurations = (
				TEST2008000000000001 /* Debug */,
				TEST2009000000000001 /* Release */,
			);
			defaultConfigurationIsVisible = 0;
			defaultConfigurationName = Release;
		};
/* End XCConfigurationList section */

/* Begin XCRemoteSwiftPackageReference section */
		E051CA432EE49ACB00CC78AB /* XCRemoteSwiftPackageReference "firebase-ios-sdk" */ = {
			isa = XCRemoteSwiftPackageReference;
			repositoryURL = "https://github.com/firebase/firebase-ios-sdk";
			requirement = {
				kind = upToNextMajorVersion;
				minimumVersion = 12.6.0;
			};
		};
		E051CA4E2EE49B0200CC78AB /* XCRemoteSwiftPackageReference "Kingfisher" */ = {
			isa = XCRemoteSwiftPackageReference;
			repositoryURL = "https://github.com/onevcat/Kingfisher";
			requirement = {
				kind = upToNextMajorVersion;
				minimumVersion = 8.6.2;
			};
		};
		E051CA512EE49B3400CC78AB /* XCRemoteSwiftPackageReference "swift-package-manager-google-mobile-ads" */ = {
			isa = XCRemoteSwiftPackageReference;
			repositoryURL = "https://github.com/googleads/swift-package-manager-google-mobile-ads.git";
			requirement = {
				kind = upToNextMajorVersion;
				minimumVersion = 12.14.0;
			};
		};
/* End XCRemoteSwiftPackageReference section */

/* Begin XCSwiftPackageProductDependency section */
		E051CA442EE49ACB00CC78AB /* FirebaseAI */ = {
			isa = XCSwiftPackageProductDependency;
			package = E051CA432EE49ACB00CC78AB /* XCRemoteSwiftPackageReference "firebase-ios-sdk" */;
			productName = FirebaseAI;
		};
		E051CA462EE49ACB00CC78AB /* FirebaseAnalytics */ = {
			isa = XCSwiftPackageProductDependency;
			package = E051CA432EE49ACB00CC78AB /* XCRemoteSwiftPackageReference "firebase-ios-sdk" */;
			productName = FirebaseAnalytics;
		};
		E051CA482EE49ACB00CC78AB /* FirebaseAuth */ = {
			isa = XCSwiftPackageProductDependency;
			package = E051CA432EE49ACB00CC78AB /* XCRemoteSwiftPackageReference "firebase-ios-sdk" */;
			productName = FirebaseAuth;
		};
		E051CA4A2EE49ACB00CC78AB /* FirebaseCrashlytics */ = {
			isa = XCSwiftPackageProductDependency;
			package = E051CA432EE49ACB00CC78AB /* XCRemoteSwiftPackageReference "firebase-ios-sdk" */;
			productName = FirebaseCrashlytics;
		};
		E051CA4C2EE49ACB00CC78AB /* FirebaseFirestore */ = {
			isa = XCSwiftPackageProductDependency;
			package = E051CA432EE49ACB00CC78AB /* XCRemoteSwiftPackageReference "firebase-ios-sdk" */;
			productName = FirebaseFirestore;
		};
		E051CA4F2EE49B0200CC78AB /* Kingfisher */ = {
			isa = XCSwiftPackageProductDependency;
			package = E051CA4E2EE49B0200CC78AB /* XCRemoteSwiftPackageReference "Kingfisher" */;
			productName = Kingfisher;
		};
		E051CA522EE49B3400CC78AB /* GoogleMobileAds */ = {
			isa = XCSwiftPackageProductDependency;
			package = E051CA512EE49B3400CC78AB /* XCRemoteSwiftPackageReference "swift-package-manager-google-mobile-ads" */;
			productName = GoogleMobileAds;
		};
		E051CA552EE49B3500CC78AB /* FirebaseStorage */ = {
			isa = XCSwiftPackageProductDependency;
			package = E051CA432EE49ACB00CC78AB /* XCRemoteSwiftPackageReference "firebase-ios-sdk" */;
			productName = FirebaseStorage;
		};
/* End XCSwiftPackageProductDependency section */
	};
	rootObject = E051C9CE2EE497CA00CC78AB /* Project object */;
}
